
Microsoft Visual Studio Solution File, Format Version 12.00
# Visual Studio Version 17
VisualStudioVersion = 17.11.35219.272
MinimumVisualStudioVersion = 10.0.40219.1
Project("{9A19103F-16F7-4668-BE54-9A1E7A4F7556}") = "Game.Tests", "Game.Tests\Game.Tests.csproj", "{CAD56753-7ACC-4EC2-911D-4CA5E01BB93B}"
EndProject
Project("{9A19103F-16F7-4668-BE54-9A1E7A4F7556}") = "Game.Domain", "Game.Domain\Game.Domain.csproj", "{1AEFDE09-D891-472E-A700-C14DFC1C56DF}"
EndProject
Project("{FAE04EC0-301F-11D3-BF4B-00C04F79EFBC}") = "Game.Site", "Game.Site\Game.Site.csproj", "{829F1480-1009-4AFB-A8F6-54AE916657D0}"
EndProject
Global
	GlobalSection(SolutionConfigurationPlatforms) = preSolution
		Debug|Any CPU = Debug|Any CPU
		Release|Any CPU = Release|Any CPU
	EndGlobalSection
	GlobalSection(ProjectConfigurationPlatforms) = postSolution
		{CAD56753-7ACC-4EC2-911D-4CA5E01BB93B}.Debug|Any CPU.ActiveCfg = Debug|Any CPU
		{CAD56753-7ACC-4EC2-911D-4CA5E01BB93B}.Debug|Any CPU.Build.0 = Debug|Any CPU
		{CAD56753-7ACC-4EC2-911D-4CA5E01BB93B}.Release|Any CPU.ActiveCfg = Release|Any CPU
		{CAD56753-7ACC-4EC2-911D-4CA5E01BB93B}.Release|Any CPU.Build.0 = Release|Any CPU
		{1AEFDE09-D891-472E-A700-C14DFC1C56DF}.Debug|Any CPU.ActiveCfg = Debug|Any CPU
		{1AEFDE09-D891-472E-A700-C14DFC1C56DF}.Debug|Any CPU.Build.0 = Debug|Any CPU
		{1AEFDE09-D891-472E-A700-C14DFC1C56DF}.Release|Any CPU.ActiveCfg = Release|Any CPU
		{1AEFDE09-D891-472E-A700-C14DFC1C56DF}.Release|Any CPU.Build.0 = Release|Any CPU
		{829F1480-1009-4AFB-A8F6-54AE916657D0}.Debug|Any CPU.ActiveCfg = Debug|Any CPU
		{829F1480-1009-4AFB-A8F6-54AE916657D0}.Debug|Any CPU.Build.0 = Debug|Any CPU
		{829F1480-1009-4AFB-A8F6-54AE916657D0}.Release|Any CPU.ActiveCfg = Release|Any CPU
		{829F1480-1009-4AFB-A8F6-54AE916657D0}.Release|Any CPU.Build.0 = Release|Any CPU
	EndGlobalSection
	GlobalSection(SolutionProperties) = preSolution
		HideSolutionNode = FALSE
	EndGlobalSection
	GlobalSection(ExtensibilityGlobals) = postSolution
		SolutionGuid = {FB99371E-1CDA-4F2B-B1AE-10B0660928AE}
	EndGlobalSection
EndGlobal
